
Microsoft Visual Studio Solution File, Format Version 12.00
# Visual Studio Version 17
VisualStudioVersion = 17.14.36518.9 d17.14
MinimumVisualStudioVersion = 10.0.40219.1
Project("{FAE04EC0-301F-11D3-BF4B-00C04F79EFBC}") = "TestKuznetsovSmirnov", "TestKuznetsovSmirnov\TestKuznetsovSmirnov.csproj", "{B2E8A3F4-CDE7-478D-867E-DD72F3A91926}"
EndProject
Global
	GlobalSection(SolutionConfigurationPlatforms) = preSolution
		Debug|Any CPU = Debug|Any CPU
		Release|Any CPU = Release|Any CPU
	EndGlobalSection
	GlobalSection(ProjectConfigurationPlatforms) = postSolution
		{B2E8A3F4-CDE7-478D-867E-DD72F3A91926}.Debug|Any CPU.ActiveCfg = Debug|Any CPU
		{B2E8A3F4-CDE7-478D-867E-DD72F3A91926}.Debug|Any CPU.Build.0 = Debug|Any CPU
		{B2E8A3F4-CDE7-478D-867E-DD72F3A91926}.Release|Any CPU.ActiveCfg = Release|Any CPU
		{B2E8A3F4-CDE7-478D-867E-DD72F3A91926}.Release|Any CPU.Build.0 = Release|Any CPU
	EndGlobalSection
	GlobalSection(SolutionProperties) = preSolution
		HideSolutionNode = FALSE
	EndGlobalSection
	GlobalSection(ExtensibilityGlobals) = postSolution
		SolutionGuid = {203CDF56-D54B-4D2E-9808-2CA9B5C39A3C}
	EndGlobalSection
EndGlobal
